// !$*UTF8*$!
{
	archiveVersion = 1;
	classes = {
	};
	objectVersion = 48;
	objects = {

/* Begin PBXBuildFile section */
		241A12B8EF05CE3F74C127AD /* Pods_SportsApp.framework in Frameworks */ = {isa = PBXBuildFile; fileRef = 38D4FB6AC8EF096BF5559949 /* Pods_SportsApp.framework */; };
		AB561972244BEACD00340393 /* FetchLeaguesHandler.swift in Sources */ = {isa = PBXBuildFile; fileRef = AB561971244BEACD00340393 /* FetchLeaguesHandler.swift */; };
		AB561976244BEB1A00340393 /* League.swift in Sources */ = {isa = PBXBuildFile; fileRef = AB561975244BEB1A00340393 /* League.swift */; };
		AB561979244BEC9900340393 /* LeagueView.swift in Sources */ = {isa = PBXBuildFile; fileRef = AB561978244BEC9900340393 /* LeagueView.swift */; };
		AB56197D244BEDA300340393 /* LeaguePresenter.swift in Sources */ = {isa = PBXBuildFile; fileRef = AB56197C244BEDA300340393 /* LeaguePresenter.swift */; };
		AB561981244BFF0B00340393 /* Alamofire.framework in Frameworks */ = {isa = PBXBuildFile; fileRef = AB561982244BFF0B00340393 /* Alamofire.framework */; };
		AB561983244BFF1000340393 /* Kingfisher.framework in Frameworks */ = {isa = PBXBuildFile; fileRef = AB561984244BFF1000340393 /* Kingfisher.framework */; };
		AB561985244BFF1500340393 /* SwiftyJSON.framework in Frameworks */ = {isa = PBXBuildFile; fileRef = AB561986244BFF1500340393 /* SwiftyJSON.framework */; };
		AB656175244CF63800D973AD /* NextEventCollectionViewCell.swift in Sources */ = {isa = PBXBuildFile; fileRef = AB656173244CF63800D973AD /* NextEventCollectionViewCell.swift */; };
		AB656176244CF63800D973AD /* NextEventCollectionViewCell.xib in Resources */ = {isa = PBXBuildFile; fileRef = AB656174244CF63800D973AD /* NextEventCollectionViewCell.xib */; };
		AB67637C244CD7E900ED4937 /* FetchNextEventsHandler.swift in Sources */ = {isa = PBXBuildFile; fileRef = AB67637B244CD7E900ED4937 /* FetchNextEventsHandler.swift */; };
		AB67637F244CDC6D00ED4937 /* NextEventSubscriber.swift in Sources */ = {isa = PBXBuildFile; fileRef = AB67637E244CDC6D00ED4937 /* NextEventSubscriber.swift */; };
		AB676382244CDCBE00ED4937 /* NextEventView.swift in Sources */ = {isa = PBXBuildFile; fileRef = AB676381244CDCBE00ED4937 /* NextEventView.swift */; };
		AB676386244CDE5500ED4937 /* NextEventPresenter.swift in Sources */ = {isa = PBXBuildFile; fileRef = AB676385244CDE5500ED4937 /* NextEventPresenter.swift */; };
		AB67638C244CE2EA00ED4937 /* LatestEventSubscriber.swift in Sources */ = {isa = PBXBuildFile; fileRef = AB67638B244CE2EA00ED4937 /* LatestEventSubscriber.swift */; };
		AB67638E244CE2FE00ED4937 /* LatestEventView.swift in Sources */ = {isa = PBXBuildFile; fileRef = AB67638D244CE2FE00ED4937 /* LatestEventView.swift */; };
		AB676390244CE31100ED4937 /* LatestEventPresenter.swift in Sources */ = {isa = PBXBuildFile; fileRef = AB67638F244CE31100ED4937 /* LatestEventPresenter.swift */; };
		AB676392244CE32C00ED4937 /* FetchLatestEventsHandler.swift in Sources */ = {isa = PBXBuildFile; fileRef = AB676391244CE32C00ED4937 /* FetchLatestEventsHandler.swift */; };
		AB6BD708244A2E9B007B841C /* AppDelegate.swift in Sources */ = {isa = PBXBuildFile; fileRef = AB6BD707244A2E9B007B841C /* AppDelegate.swift */; };
		AB6BD70D244A2E9B007B841C /* Main.storyboard in Resources */ = {isa = PBXBuildFile; fileRef = AB6BD70B244A2E9B007B841C /* Main.storyboard */; };
		AB6BD710244A2E9B007B841C /* SportsApp.xcdatamodeld in Sources */ = {isa = PBXBuildFile; fileRef = AB6BD70E244A2E9B007B841C /* SportsApp.xcdatamodeld */; };
		AB6BD712244A2E9B007B841C /* Assets.xcassets in Resources */ = {isa = PBXBuildFile; fileRef = AB6BD711244A2E9B007B841C /* Assets.xcassets */; };
		AB6BD715244A2E9B007B841C /* LaunchScreen.storyboard in Resources */ = {isa = PBXBuildFile; fileRef = AB6BD713244A2E9B007B841C /* LaunchScreen.storyboard */; };
		AB6BD720244A3F54007B841C /* Reachability.swift in Sources */ = {isa = PBXBuildFile; fileRef = AB6BD71F244A3F54007B841C /* Reachability.swift */; };
		AB75EB4F244C6D98002A9852 /* LeagueSubscriber.swift in Sources */ = {isa = PBXBuildFile; fileRef = AB75EB4E244C6D98002A9852 /* LeagueSubscriber.swift */; };
		ABEF3993244B3B94003348F0 /* LeagueTableViewCell.swift in Sources */ = {isa = PBXBuildFile; fileRef = ABEF3991244B3B94003348F0 /* LeagueTableViewCell.swift */; };
		ABEF3994244B3B94003348F0 /* LeagueTableViewCell.xib in Resources */ = {isa = PBXBuildFile; fileRef = ABEF3992244B3B94003348F0 /* LeagueTableViewCell.xib */; };
		ABEF399D244B5EC7003348F0 /* RoundedImageView.swift in Sources */ = {isa = PBXBuildFile; fileRef = ABEF399C244B5EC7003348F0 /* RoundedImageView.swift */; };
		BA5E4838244B8FF300E8F3F6 /* SportCollectionViewCell.swift in Sources */ = {isa = PBXBuildFile; fileRef = BA5E4836244B8FF200E8F3F6 /* SportCollectionViewCell.swift */; };
		BA5E4839244B8FF300E8F3F6 /* SportCollectionViewCell.xib in Resources */ = {isa = PBXBuildFile; fileRef = BA5E4837244B8FF300E8F3F6 /* SportCollectionViewCell.xib */; };
		BA5E483B244B934B00E8F3F6 /* SportsViewController.swift in Sources */ = {isa = PBXBuildFile; fileRef = BA5E483A244B934B00E8F3F6 /* SportsViewController.swift */; };
		BA5E483D244B989D00E8F3F6 /* SportsCollectionView.swift in Sources */ = {isa = PBXBuildFile; fileRef = BA5E483C244B989D00E8F3F6 /* SportsCollectionView.swift */; };
		BA5E4847244BA98800E8F3F6 /* Event.swift in Sources */ = {isa = PBXBuildFile; fileRef = BA5E4846244BA98800E8F3F6 /* Event.swift */; };
		BA5E484D244BBE3400E8F3F6 /* FetchSports.swift in Sources */ = {isa = PBXBuildFile; fileRef = BA5E484C244BBE3400E8F3F6 /* FetchSports.swift */; };
		BA5E4851244BBFD300E8F3F6 /* SportsPresenter.swift in Sources */ = {isa = PBXBuildFile; fileRef = BA5E4850244BBFD300E8F3F6 /* SportsPresenter.swift */; };
		BA5E4853244BC4AB00E8F3F6 /* Notification.swift in Sources */ = {isa = PBXBuildFile; fileRef = BA5E4852244BC4AB00E8F3F6 /* Notification.swift */; };
		BA5E4856244BECF600E8F3F6 /* DataRepository.swift in Sources */ = {isa = PBXBuildFile; fileRef = BA5E4855244BECF600E8F3F6 /* DataRepository.swift */; };
		BA5E485C244BEE7800E8F3F6 /* SportDelegate.swift in Sources */ = {isa = PBXBuildFile; fileRef = BA5E485B244BEE7800E8F3F6 /* SportDelegate.swift */; };
		BA5E485E244CAE8900E8F3F6 /* SportSubscriber.swift in Sources */ = {isa = PBXBuildFile; fileRef = BA5E485D244CAE8800E8F3F6 /* SportSubscriber.swift */; };
		BA5E4864244CECB900E8F3F6 /* FetchTeams.swift in Sources */ = {isa = PBXBuildFile; fileRef = BA5E4863244CECB900E8F3F6 /* FetchTeams.swift */; };
		BA6C9D7D244CFF3E001ADA79 /* Details.storyboard in Resources */ = {isa = PBXBuildFile; fileRef = BA6C9D7C244CFF3E001ADA79 /* Details.storyboard */; };
		BA6C9DA9244D4319001ADA79 /* TeamsCollectionViewCell.swift in Sources */ = {isa = PBXBuildFile; fileRef = BA6C9DA7244D4319001ADA79 /* TeamsCollectionViewCell.swift */; };
		BA6C9DAA244D4319001ADA79 /* TeamsCollectionViewCell.xib in Resources */ = {isa = PBXBuildFile; fileRef = BA6C9DA8244D4319001ADA79 /* TeamsCollectionViewCell.xib */; };
		BA6C9DAE244D4319001ADA79 /* Team.swift in Sources */ = {isa = PBXBuildFile; fileRef = BA6C9DAD244D4319001ADA79 /* Team.swift */; };
		BA6C9DB0244D4319001ADA79 /* Sport.swift in Sources */ = {isa = PBXBuildFile; fileRef = BA6C9DAF244D4319001ADA79 /* Sport.swift */; };
		BA6C9DB3244D5174001ADA79 /* LeaguesDetailsViewController.swift in Sources */ = {isa = PBXBuildFile; fileRef = BA6C9DB2244D5174001ADA79 /* LeaguesDetailsViewController.swift */; };
		BA6C9DB5244DFE3B001ADA79 /* DummyViewController.swift in Sources */ = {isa = PBXBuildFile; fileRef = BA6C9DB4244DFE3B001ADA79 /* DummyViewController.swift */; };
		BA6C9DBC244E009D001ADA79 /* UpComingEventsCollectionViewCell.swift in Sources */ = {isa = PBXBuildFile; fileRef = BA6C9DBA244E009D001ADA79 /* UpComingEventsCollectionViewCell.swift */; };
		BA6C9DBD244E009D001ADA79 /* UpComingEventsCollectionViewCell.xib in Resources */ = {isa = PBXBuildFile; fileRef = BA6C9DBB244E009D001ADA79 /* UpComingEventsCollectionViewCell.xib */; };
		BA6C9DC0244E00C7001ADA79 /* LatestEventsCollectionViewCell.swift in Sources */ = {isa = PBXBuildFile; fileRef = BA6C9DBE244E00C7001ADA79 /* LatestEventsCollectionViewCell.swift */; };
		BA6C9DC1244E00C7001ADA79 /* LatestEventsCollectionViewCell.xib in Resources */ = {isa = PBXBuildFile; fileRef = BA6C9DBF244E00C7001ADA79 /* LatestEventsCollectionViewCell.xib */; };
		BA6C9DC5244E06E6001ADA79 /* LeaguesDetailsCollectionView.swift in Sources */ = {isa = PBXBuildFile; fileRef = BA6C9DC4244E06E6001ADA79 /* LeaguesDetailsCollectionView.swift */; };
		BA7BBCC1244A3C5600A996D7 /* LeaguesTableViewController.swift in Sources */ = {isa = PBXBuildFile; fileRef = BA7BBCC0244A3C5600A996D7 /* LeaguesTableViewController.swift */; };
/* End PBXBuildFile section */

/* Begin PBXFileReference section */
		38D4FB6AC8EF096BF5559949 /* Pods_SportsApp.framework */ = {isa = PBXFileReference; explicitFileType = wrapper.framework; includeInIndex = 0; path = Pods_SportsApp.framework; sourceTree = BUILT_PRODUCTS_DIR; };
		4D3F262DE193070EBEC7426B /* Pods-SportsApp.release.xcconfig */ = {isa = PBXFileReference; includeInIndex = 1; lastKnownFileType = text.xcconfig; name = "Pods-SportsApp.release.xcconfig"; path = "Target Support Files/Pods-SportsApp/Pods-SportsApp.release.xcconfig"; sourceTree = "<group>"; };
		7052D4FD5B24FE03BEF8A8D7 /* Pods-SportsApp.debug.xcconfig */ = {isa = PBXFileReference; includeInIndex = 1; lastKnownFileType = text.xcconfig; name = "Pods-SportsApp.debug.xcconfig"; path = "Target Support Files/Pods-SportsApp/Pods-SportsApp.debug.xcconfig"; sourceTree = "<group>"; };
		AB561971244BEACD00340393 /* FetchLeaguesHandler.swift */ = {isa = PBXFileReference; lastKnownFileType = sourcecode.swift; path = FetchLeaguesHandler.swift; sourceTree = "<group>"; };
		AB561975244BEB1A00340393 /* League.swift */ = {isa = PBXFileReference; lastKnownFileType = sourcecode.swift; path = League.swift; sourceTree = "<group>"; };
		AB561978244BEC9900340393 /* LeagueView.swift */ = {isa = PBXFileReference; lastKnownFileType = sourcecode.swift; path = LeagueView.swift; sourceTree = "<group>"; };
		AB56197C244BEDA300340393 /* LeaguePresenter.swift */ = {isa = PBXFileReference; lastKnownFileType = sourcecode.swift; path = LeaguePresenter.swift; sourceTree = "<group>"; };
		AB561982244BFF0B00340393 /* Alamofire.framework */ = {isa = PBXFileReference; explicitFileType = wrapper.framework; path = Alamofire.framework; sourceTree = BUILT_PRODUCTS_DIR; };
		AB561984244BFF1000340393 /* Kingfisher.framework */ = {isa = PBXFileReference; explicitFileType = wrapper.framework; path = Kingfisher.framework; sourceTree = BUILT_PRODUCTS_DIR; };
		AB561986244BFF1500340393 /* SwiftyJSON.framework */ = {isa = PBXFileReference; explicitFileType = wrapper.framework; path = SwiftyJSON.framework; sourceTree = BUILT_PRODUCTS_DIR; };
		AB656173244CF63800D973AD /* NextEventCollectionViewCell.swift */ = {isa = PBXFileReference; lastKnownFileType = sourcecode.swift; path = NextEventCollectionViewCell.swift; sourceTree = "<group>"; };
		AB656174244CF63800D973AD /* NextEventCollectionViewCell.xib */ = {isa = PBXFileReference; lastKnownFileType = file.xib; path = NextEventCollectionViewCell.xib; sourceTree = "<group>"; };
		AB67637B244CD7E900ED4937 /* FetchNextEventsHandler.swift */ = {isa = PBXFileReference; lastKnownFileType = sourcecode.swift; path = FetchNextEventsHandler.swift; sourceTree = "<group>"; };
		AB67637E244CDC6D00ED4937 /* NextEventSubscriber.swift */ = {isa = PBXFileReference; lastKnownFileType = sourcecode.swift; path = NextEventSubscriber.swift; sourceTree = "<group>"; };
		AB676381244CDCBE00ED4937 /* NextEventView.swift */ = {isa = PBXFileReference; lastKnownFileType = sourcecode.swift; path = NextEventView.swift; sourceTree = "<group>"; };
		AB676385244CDE5500ED4937 /* NextEventPresenter.swift */ = {isa = PBXFileReference; lastKnownFileType = sourcecode.swift; path = NextEventPresenter.swift; sourceTree = "<group>"; };
		AB67638B244CE2EA00ED4937 /* LatestEventSubscriber.swift */ = {isa = PBXFileReference; lastKnownFileType = sourcecode.swift; path = LatestEventSubscriber.swift; sourceTree = "<group>"; };
		AB67638D244CE2FE00ED4937 /* LatestEventView.swift */ = {isa = PBXFileReference; lastKnownFileType = sourcecode.swift; path = LatestEventView.swift; sourceTree = "<group>"; };
		AB67638F244CE31100ED4937 /* LatestEventPresenter.swift */ = {isa = PBXFileReference; lastKnownFileType = sourcecode.swift; path = LatestEventPresenter.swift; sourceTree = "<group>"; };
		AB676391244CE32C00ED4937 /* FetchLatestEventsHandler.swift */ = {isa = PBXFileReference; lastKnownFileType = sourcecode.swift; path = FetchLatestEventsHandler.swift; sourceTree = "<group>"; };
		AB6BD704244A2E9B007B841C /* SportsApp.app */ = {isa = PBXFileReference; explicitFileType = wrapper.application; includeInIndex = 0; path = SportsApp.app; sourceTree = BUILT_PRODUCTS_DIR; };
		AB6BD707244A2E9B007B841C /* AppDelegate.swift */ = {isa = PBXFileReference; lastKnownFileType = sourcecode.swift; path = AppDelegate.swift; sourceTree = "<group>"; };
		AB6BD70C244A2E9B007B841C /* Base */ = {isa = PBXFileReference; lastKnownFileType = file.storyboard; name = Base; path = Base.lproj/Main.storyboard; sourceTree = "<group>"; };
		AB6BD70F244A2E9B007B841C /* SportsApp.xcdatamodel */ = {isa = PBXFileReference; lastKnownFileType = wrapper.xcdatamodel; path = SportsApp.xcdatamodel; sourceTree = "<group>"; };
		AB6BD711244A2E9B007B841C /* Assets.xcassets */ = {isa = PBXFileReference; lastKnownFileType = folder.assetcatalog; path = Assets.xcassets; sourceTree = "<group>"; };
		AB6BD714244A2E9B007B841C /* Base */ = {isa = PBXFileReference; lastKnownFileType = file.storyboard; name = Base; path = Base.lproj/LaunchScreen.storyboard; sourceTree = "<group>"; };
		AB6BD716244A2E9B007B841C /* Info.plist */ = {isa = PBXFileReference; lastKnownFileType = text.plist.xml; path = Info.plist; sourceTree = "<group>"; };
		AB6BD71F244A3F54007B841C /* Reachability.swift */ = {isa = PBXFileReference; lastKnownFileType = sourcecode.swift; path = Reachability.swift; sourceTree = "<group>"; };
		AB75EB4E244C6D98002A9852 /* LeagueSubscriber.swift */ = {isa = PBXFileReference; lastKnownFileType = sourcecode.swift; path = LeagueSubscriber.swift; sourceTree = "<group>"; };
		ABEF3991244B3B94003348F0 /* LeagueTableViewCell.swift */ = {isa = PBXFileReference; lastKnownFileType = sourcecode.swift; path = LeagueTableViewCell.swift; sourceTree = "<group>"; };
		ABEF3992244B3B94003348F0 /* LeagueTableViewCell.xib */ = {isa = PBXFileReference; lastKnownFileType = file.xib; path = LeagueTableViewCell.xib; sourceTree = "<group>"; };
		ABEF399C244B5EC7003348F0 /* RoundedImageView.swift */ = {isa = PBXFileReference; lastKnownFileType = sourcecode.swift; path = RoundedImageView.swift; sourceTree = "<group>"; };
		BA5E4836244B8FF200E8F3F6 /* SportCollectionViewCell.swift */ = {isa = PBXFileReference; lastKnownFileType = sourcecode.swift; path = SportCollectionViewCell.swift; sourceTree = "<group>"; };
		BA5E4837244B8FF300E8F3F6 /* SportCollectionViewCell.xib */ = {isa = PBXFileReference; lastKnownFileType = file.xib; path = SportCollectionViewCell.xib; sourceTree = "<group>"; };
		BA5E483A244B934B00E8F3F6 /* SportsViewController.swift */ = {isa = PBXFileReference; lastKnownFileType = sourcecode.swift; path = SportsViewController.swift; sourceTree = "<group>"; };
		BA5E483C244B989D00E8F3F6 /* SportsCollectionView.swift */ = {isa = PBXFileReference; lastKnownFileType = sourcecode.swift; path = SportsCollectionView.swift; sourceTree = "<group>"; };
		BA5E4846244BA98800E8F3F6 /* Event.swift */ = {isa = PBXFileReference; lastKnownFileType = sourcecode.swift; path = Event.swift; sourceTree = "<group>"; };
		BA5E484C244BBE3400E8F3F6 /* FetchSports.swift */ = {isa = PBXFileReference; lastKnownFileType = sourcecode.swift; path = FetchSports.swift; sourceTree = "<group>"; };
		BA5E4850244BBFD300E8F3F6 /* SportsPresenter.swift */ = {isa = PBXFileReference; lastKnownFileType = sourcecode.swift; path = SportsPresenter.swift; sourceTree = "<group>"; };
		BA5E4852244BC4AB00E8F3F6 /* Notification.swift */ = {isa = PBXFileReference; lastKnownFileType = sourcecode.swift; path = Notification.swift; sourceTree = "<group>"; };
		BA5E4855244BECF600E8F3F6 /* DataRepository.swift */ = {isa = PBXFileReference; lastKnownFileType = sourcecode.swift; path = DataRepository.swift; sourceTree = "<group>"; };
		BA5E485B244BEE7800E8F3F6 /* SportDelegate.swift */ = {isa = PBXFileReference; lastKnownFileType = sourcecode.swift; path = SportDelegate.swift; sourceTree = "<group>"; };
		BA5E485D244CAE8800E8F3F6 /* SportSubscriber.swift */ = {isa = PBXFileReference; lastKnownFileType = sourcecode.swift; path = SportSubscriber.swift; sourceTree = "<group>"; };
		BA5E4863244CECB900E8F3F6 /* FetchTeams.swift */ = {isa = PBXFileReference; lastKnownFileType = sourcecode.swift; path = FetchTeams.swift; sourceTree = "<group>"; };
		BA6C9D7C244CFF3E001ADA79 /* Details.storyboard */ = {isa = PBXFileReference; lastKnownFileType = file.storyboard; path = Details.storyboard; sourceTree = "<group>"; };
		BA6C9DA7244D4319001ADA79 /* TeamsCollectionViewCell.swift */ = {isa = PBXFileReference; lastKnownFileType = sourcecode.swift; path = TeamsCollectionViewCell.swift; sourceTree = "<group>"; };
		BA6C9DA8244D4319001ADA79 /* TeamsCollectionViewCell.xib */ = {isa = PBXFileReference; lastKnownFileType = file.xib; path = TeamsCollectionViewCell.xib; sourceTree = "<group>"; };
		BA6C9DAD244D4319001ADA79 /* Team.swift */ = {isa = PBXFileReference; lastKnownFileType = sourcecode.swift; path = Team.swift; sourceTree = "<group>"; };
		BA6C9DAF244D4319001ADA79 /* Sport.swift */ = {isa = PBXFileReference; lastKnownFileType = sourcecode.swift; path = Sport.swift; sourceTree = "<group>"; };
		BA6C9DB2244D5174001ADA79 /* LeaguesDetailsViewController.swift */ = {isa = PBXFileReference; lastKnownFileType = sourcecode.swift; path = LeaguesDetailsViewController.swift; sourceTree = "<group>"; };
		BA6C9DB4244DFE3B001ADA79 /* DummyViewController.swift */ = {isa = PBXFileReference; lastKnownFileType = sourcecode.swift; path = DummyViewController.swift; sourceTree = "<group>"; };
		BA6C9DBA244E009D001ADA79 /* UpComingEventsCollectionViewCell.swift */ = {isa = PBXFileReference; lastKnownFileType = sourcecode.swift; path = UpComingEventsCollectionViewCell.swift; sourceTree = "<group>"; };
		BA6C9DBB244E009D001ADA79 /* UpComingEventsCollectionViewCell.xib */ = {isa = PBXFileReference; lastKnownFileType = file.xib; path = UpComingEventsCollectionViewCell.xib; sourceTree = "<group>"; };
		BA6C9DBE244E00C7001ADA79 /* LatestEventsCollectionViewCell.swift */ = {isa = PBXFileReference; lastKnownFileType = sourcecode.swift; path = LatestEventsCollectionViewCell.swift; sourceTree = "<group>"; };
		BA6C9DBF244E00C7001ADA79 /* LatestEventsCollectionViewCell.xib */ = {isa = PBXFileReference; lastKnownFileType = file.xib; path = LatestEventsCollectionViewCell.xib; sourceTree = "<group>"; };
		BA6C9DC4244E06E6001ADA79 /* LeaguesDetailsCollectionView.swift */ = {isa = PBXFileReference; lastKnownFileType = sourcecode.swift; path = LeaguesDetailsCollectionView.swift; sourceTree = "<group>"; };
		BA7BBCC0244A3C5600A996D7 /* LeaguesTableViewController.swift */ = {isa = PBXFileReference; lastKnownFileType = sourcecode.swift; path = LeaguesTableViewController.swift; sourceTree = "<group>"; };
/* End PBXFileReference section */

/* Begin PBXFrameworksBuildPhase section */
		AB6BD701244A2E9B007B841C /* Frameworks */ = {
			isa = PBXFrameworksBuildPhase;
			buildActionMask = 2147483647;
			files = (
				AB561985244BFF1500340393 /* SwiftyJSON.framework in Frameworks */,
				AB561983244BFF1000340393 /* Kingfisher.framework in Frameworks */,
				AB561981244BFF0B00340393 /* Alamofire.framework in Frameworks */,
				241A12B8EF05CE3F74C127AD /* Pods_SportsApp.framework in Frameworks */,
			);
			runOnlyForDeploymentPostprocessing = 0;
		};
/* End PBXFrameworksBuildPhase section */

/* Begin PBXGroup section */
		5D40CF0F48CC37F304B1B365 /* Frameworks */ = {
			isa = PBXGroup;
			children = (
				AB561986244BFF1500340393 /* SwiftyJSON.framework */,
				AB561984244BFF1000340393 /* Kingfisher.framework */,
				AB561982244BFF0B00340393 /* Alamofire.framework */,
				38D4FB6AC8EF096BF5559949 /* Pods_SportsApp.framework */,
			);
			name = Frameworks;
			sourceTree = "<group>";
		};
		6F5921D110C6DC9AF387F47A /* Pods */ = {
			isa = PBXGroup;
			children = (
				7052D4FD5B24FE03BEF8A8D7 /* Pods-SportsApp.debug.xcconfig */,
				4D3F262DE193070EBEC7426B /* Pods-SportsApp.release.xcconfig */,
			);
			path = Pods;
			sourceTree = "<group>";
		};
		AB56197A244BED6000340393 /* view */ = {
			isa = PBXGroup;
			children = (
				AB561978244BEC9900340393 /* LeagueView.swift */,
				ABEF3991244B3B94003348F0 /* LeagueTableViewCell.swift */,
				BA7BBCC0244A3C5600A996D7 /* LeaguesTableViewController.swift */,
			);
			path = view;
			sourceTree = "<group>";
		};
		AB56197B244BED7A00340393 /* presenter */ = {
			isa = PBXGroup;
			children = (
				AB56197C244BEDA300340393 /* LeaguePresenter.swift */,
			);
			path = presenter;
			sourceTree = "<group>";
		};
		AB561989244C091C00340393 /* leaguesMainViews */ = {
			isa = PBXGroup;
			children = (
				ABEF3992244B3B94003348F0 /* LeagueTableViewCell.xib */,
			);
			path = leaguesMainViews;
			sourceTree = "<group>";
		};
		AB67637D244CDC4E00ED4937 /* nextEvents */ = {
			isa = PBXGroup;
			children = (
				AB676384244CDE2F00ED4937 /* presenter */,
				AB676383244CDD2D00ED4937 /* subscriber */,
				AB676380244CDC9200ED4937 /* view */,
			);
			path = nextEvents;
			sourceTree = "<group>";
		};
		AB676380244CDC9200ED4937 /* view */ = {
			isa = PBXGroup;
			children = (
				AB676381244CDCBE00ED4937 /* NextEventView.swift */,
				AB656173244CF63800D973AD /* NextEventCollectionViewCell.swift */,
				AB656174244CF63800D973AD /* NextEventCollectionViewCell.xib */,
			);
			path = view;
			sourceTree = "<group>";
		};
		AB676383244CDD2D00ED4937 /* subscriber */ = {
			isa = PBXGroup;
			children = (
				AB67637E244CDC6D00ED4937 /* NextEventSubscriber.swift */,
			);
			path = subscriber;
			sourceTree = "<group>";
		};
		AB676384244CDE2F00ED4937 /* presenter */ = {
			isa = PBXGroup;
			children = (
				AB676385244CDE5500ED4937 /* NextEventPresenter.swift */,
			);
			path = presenter;
			sourceTree = "<group>";
		};
		AB676387244CE28500ED4937 /* latestEvents */ = {
			isa = PBXGroup;
			children = (
				AB67638A244CE2AB00ED4937 /* subscriber */,
				AB676389244CE2A300ED4937 /* view */,
				AB676388244CE29300ED4937 /* presenter */,
			);
			path = latestEvents;
			sourceTree = "<group>";
		};
		AB676388244CE29300ED4937 /* presenter */ = {
			isa = PBXGroup;
			children = (
				AB67638F244CE31100ED4937 /* LatestEventPresenter.swift */,
			);
			path = presenter;
			sourceTree = "<group>";
		};
		AB676389244CE2A300ED4937 /* view */ = {
			isa = PBXGroup;
			children = (
				AB67638D244CE2FE00ED4937 /* LatestEventView.swift */,
			);
			path = view;
			sourceTree = "<group>";
		};
		AB67638A244CE2AB00ED4937 /* subscriber */ = {
			isa = PBXGroup;
			children = (
				AB67638B244CE2EA00ED4937 /* LatestEventSubscriber.swift */,
			);
			path = subscriber;
			sourceTree = "<group>";
		};
		AB6BD6FB244A2E9B007B841C = {
			isa = PBXGroup;
			children = (
				AB6BD706244A2E9B007B841C /* SportsApp */,
				AB6BD705244A2E9B007B841C /* Products */,
				6F5921D110C6DC9AF387F47A /* Pods */,
				5D40CF0F48CC37F304B1B365 /* Frameworks */,
			);
			sourceTree = "<group>";
		};
		AB6BD705244A2E9B007B841C /* Products */ = {
			isa = PBXGroup;
			children = (
				AB6BD704244A2E9B007B841C /* SportsApp.app */,
			);
			name = Products;
			sourceTree = "<group>";
		};
		AB6BD706244A2E9B007B841C /* SportsApp */ = {
			isa = PBXGroup;
			children = (
				AB676387244CE28500ED4937 /* latestEvents */,
				AB67637D244CDC4E00ED4937 /* nextEvents */,
				BA6C9DAC244D4319001ADA79 /* Features */,
				BA5E4848244BB6FF00E8F3F6 /* core */,
				BA5E4841244BA58E00E8F3F6 /* coreData */,
				ABEF398C244B2927003348F0 /* nibViews */,
				AB6BD71E244A3F31007B841C /* utils */,
				BA7BBCC2244A3C5C00A996D7 /* views */,
				BA7BBCB9244A3B0800A996D7 /* appDelegate */,
				AB6BD711244A2E9B007B841C /* Assets.xcassets */,
				AB6BD716244A2E9B007B841C /* Info.plist */,
				BA6C9DBA244E009D001ADA79 /* UpComingEventsCollectionViewCell.swift */,
				BA6C9DBB244E009D001ADA79 /* UpComingEventsCollectionViewCell.xib */,
				BA6C9DBE244E00C7001ADA79 /* LatestEventsCollectionViewCell.swift */,
				BA6C9DBF244E00C7001ADA79 /* LatestEventsCollectionViewCell.xib */,
			);
			path = SportsApp;
			sourceTree = "<group>";
		};
		AB6BD71E244A3F31007B841C /* utils */ = {
			isa = PBXGroup;
			children = (
				AB6BD71F244A3F54007B841C /* Reachability.swift */,
				ABEF399C244B5EC7003348F0 /* RoundedImageView.swift */,
				BA5E4852244BC4AB00E8F3F6 /* Notification.swift */,
			);
			path = utils;
			sourceTree = "<group>";
		};
		AB75EB4D244C6D66002A9852 /* subscribers */ = {
			isa = PBXGroup;
			children = (
				AB75EB4E244C6D98002A9852 /* LeagueSubscriber.swift */,
			);
			path = subscribers;
			sourceTree = "<group>";
		};
		ABEF398C244B2927003348F0 /* nibViews */ = {
			isa = PBXGroup;
			children = (
				AB561989244C091C00340393 /* leaguesMainViews */,
				BA5E4842244BA5D100E8F3F6 /* sportsMainViews */,
				BA6C9DA8244D4319001ADA79 /* TeamsCollectionViewCell.xib */,
			);
			path = nibViews;
			sourceTree = "<group>";
		};
		BA5E4841244BA58E00E8F3F6 /* coreData */ = {
			isa = PBXGroup;
			children = (
				AB6BD70E244A2E9B007B841C /* SportsApp.xcdatamodeld */,
			);
			path = coreData;
			sourceTree = "<group>";
		};
		BA5E4842244BA5D100E8F3F6 /* sportsMainViews */ = {
			isa = PBXGroup;
			children = (
				BA5E4837244B8FF300E8F3F6 /* SportCollectionViewCell.xib */,
			);
			path = sportsMainViews;
			sourceTree = "<group>";
		};
		BA5E4848244BB6FF00E8F3F6 /* core */ = {
			isa = PBXGroup;
			children = (
				BA5E4854244BECC400E8F3F6 /* repository */,
				BA5E4849244BBD7C00E8F3F6 /* network */,
				BA7BBCBF244A3BF700A996D7 /* Entities */,
			);
			path = core;
			sourceTree = "<group>";
		};
		BA5E4849244BBD7C00E8F3F6 /* network */ = {
			isa = PBXGroup;
			children = (
				BA5E484C244BBE3400E8F3F6 /* FetchSports.swift */,
				AB561971244BEACD00340393 /* FetchLeaguesHandler.swift */,
				AB67637B244CD7E900ED4937 /* FetchNextEventsHandler.swift */,
				AB676391244CE32C00ED4937 /* FetchLatestEventsHandler.swift */,
				BA5E4863244CECB900E8F3F6 /* FetchTeams.swift */,
			);
			path = network;
			sourceTree = "<group>";
		};
		BA5E484E244BBF8300E8F3F6 /* presenter */ = {
			isa = PBXGroup;
			children = (
				BA5E4850244BBFD300E8F3F6 /* SportsPresenter.swift */,
			);
			path = presenter;
			sourceTree = "<group>";
		};
		BA5E484F244BBFA400E8F3F6 /* view */ = {
			isa = PBXGroup;
			children = (
				BA5E4836244B8FF200E8F3F6 /* SportCollectionViewCell.swift */,
				BA5E483A244B934B00E8F3F6 /* SportsViewController.swift */,
				BA5E483C244B989D00E8F3F6 /* SportsCollectionView.swift */,
			);
			path = view;
			sourceTree = "<group>";
		};
		BA5E4854244BECC400E8F3F6 /* repository */ = {
			isa = PBXGroup;
			children = (
				BA5E4855244BECF600E8F3F6 /* DataRepository.swift */,
			);
			path = repository;
			sourceTree = "<group>";
		};
		BA6C9DAB244D4319001ADA79 /* Teams */ = {
			isa = PBXGroup;
			children = (
				BA6C9DA7244D4319001ADA79 /* TeamsCollectionViewCell.swift */,
			);
			path = Teams;
			sourceTree = "<group>";
		};
		BA6C9DAC244D4319001ADA79 /* Features */ = {
			isa = PBXGroup;
			children = (
				BA6C9DB1244D5120001ADA79 /* leaguesDetails */,
				BA7BBCBA244A3B2D00A996D7 /* sports */,
				BA7BBCBE244A3BDB00A996D7 /* leagues */,
				BA6C9DAB244D4319001ADA79 /* Teams */,
			);
			path = Features;
			sourceTree = "<group>";
		};
		BA6C9DB1244D5120001ADA79 /* leaguesDetails */ = {
			isa = PBXGroup;
			children = (
				BA6C9DB2244D5174001ADA79 /* LeaguesDetailsViewController.swift */,
				BA6C9DC4244E06E6001ADA79 /* LeaguesDetailsCollectionView.swift */,
			);
			path = leaguesDetails;
			sourceTree = "<group>";
		};
		BA7BBCB9244A3B0800A996D7 /* appDelegate */ = {
			isa = PBXGroup;
			children = (
				AB6BD707244A2E9B007B841C /* AppDelegate.swift */,
			);
			path = appDelegate;
			sourceTree = "<group>";
		};
		BA7BBCBA244A3B2D00A996D7 /* sports */ = {
			isa = PBXGroup;
			children = (
				BA5E484F244BBFA400E8F3F6 /* view */,
				BA5E484E244BBF8300E8F3F6 /* presenter */,
				BA5E485B244BEE7800E8F3F6 /* SportDelegate.swift */,
				BA5E485D244CAE8800E8F3F6 /* SportSubscriber.swift */,
			);
			path = sports;
			sourceTree = "<group>";
		};
		BA7BBCBE244A3BDB00A996D7 /* leagues */ = {
			isa = PBXGroup;
			children = (
				AB561978244BEC9900340393 /* LeagueView.swift */,
				AB75EB4D244C6D66002A9852 /* subscribers */,
				AB56197B244BED7A00340393 /* presenter */,
				AB56197A244BED6000340393 /* view */,
			);
			path = leagues;
			sourceTree = "<group>";
		};
		BA7BBCBF244A3BF700A996D7 /* Entities */ = {
			isa = PBXGroup;
			children = (
				BA5E4846244BA98800E8F3F6 /* Event.swift */,
				AB561975244BEB1A00340393 /* League.swift */,
				BA6C9DAD244D4319001ADA79 /* Team.swift */,
				BA6C9DAF244D4319001ADA79 /* Sport.swift */,
			);
			path = Entities;
			sourceTree = "<group>";
		};
		BA7BBCC2244A3C5C00A996D7 /* views */ = {
			isa = PBXGroup;
			children = (
				AB6BD70B244A2E9B007B841C /* Main.storyboard */,
				AB6BD713244A2E9B007B841C /* LaunchScreen.storyboard */,
				BA6C9D7C244CFF3E001ADA79 /* Details.storyboard */,
				BA6C9DB4244DFE3B001ADA79 /* DummyViewController.swift */,
			);
			path = views;
			sourceTree = "<group>";
		};
/* End PBXGroup section */

/* Begin PBXNativeTarget section */
		AB6BD703244A2E9B007B841C /* SportsApp */ = {
			isa = PBXNativeTarget;
			buildConfigurationList = AB6BD719244A2E9B007B841C /* Build configuration list for PBXNativeTarget "SportsApp" */;
			buildPhases = (
				A5CEF90A62F3BA9FEBFAD09B /* [CP] Check Pods Manifest.lock */,
				AB6BD700244A2E9B007B841C /* Sources */,
				AB6BD701244A2E9B007B841C /* Frameworks */,
				AB6BD702244A2E9B007B841C /* Resources */,
				9B3D81D504B6C07C7D080C7C /* [CP] Embed Pods Frameworks */,
			);
			buildRules = (
			);
			dependencies = (
			);
			name = SportsApp;
			productName = SportsApp;
			productReference = AB6BD704244A2E9B007B841C /* SportsApp.app */;
			productType = "com.apple.product-type.application";
		};
/* End PBXNativeTarget section */

/* Begin PBXProject section */
		AB6BD6FC244A2E9B007B841C /* Project object */ = {
			isa = PBXProject;
			attributes = {
				LastSwiftUpdateCheck = 0920;
				LastUpgradeCheck = 0920;
				ORGANIZATIONNAME = "eman kamal";
				TargetAttributes = {
					AB6BD703244A2E9B007B841C = {
						CreatedOnToolsVersion = 9.2;
						ProvisioningStyle = Automatic;
					};
				};
			};
			buildConfigurationList = AB6BD6FF244A2E9B007B841C /* Build configuration list for PBXProject "SportsApp" */;
			compatibilityVersion = "Xcode 8.0";
			developmentRegion = en;
			hasScannedForEncodings = 0;
			knownRegions = (
				en,
				Base,
			);
			mainGroup = AB6BD6FB244A2E9B007B841C;
			productRefGroup = AB6BD705244A2E9B007B841C /* Products */;
			projectDirPath = "";
			projectRoot = "";
			targets = (
				AB6BD703244A2E9B007B841C /* SportsApp */,
			);
		};
/* End PBXProject section */

/* Begin PBXResourcesBuildPhase section */
		AB6BD702244A2E9B007B841C /* Resources */ = {
			isa = PBXResourcesBuildPhase;
			buildActionMask = 2147483647;
			files = (
				AB6BD715244A2E9B007B841C /* LaunchScreen.storyboard in Resources */,
				BA6C9D7D244CFF3E001ADA79 /* Details.storyboard in Resources */,
				BA6C9DC1244E00C7001ADA79 /* LatestEventsCollectionViewCell.xib in Resources */,
				AB6BD712244A2E9B007B841C /* Assets.xcassets in Resources */,
				BA6C9DBD244E009D001ADA79 /* UpComingEventsCollectionViewCell.xib in Resources */,
				ABEF3994244B3B94003348F0 /* LeagueTableViewCell.xib in Resources */,
				BA5E4839244B8FF300E8F3F6 /* SportCollectionViewCell.xib in Resources */,
				AB656176244CF63800D973AD /* NextEventCollectionViewCell.xib in Resources */,
				BA6C9DAA244D4319001ADA79 /* TeamsCollectionViewCell.xib in Resources */,
				AB6BD70D244A2E9B007B841C /* Main.storyboard in Resources */,
			);
			runOnlyForDeploymentPostprocessing = 0;
		};
/* End PBXResourcesBuildPhase section */

/* Begin PBXShellScriptBuildPhase section */
		9B3D81D504B6C07C7D080C7C /* [CP] Embed Pods Frameworks */ = {
			isa = PBXShellScriptBuildPhase;
			buildActionMask = 2147483647;
			files = (
			);
			inputPaths = (
				"${PODS_ROOT}/Target Support Files/Pods-SportsApp/Pods-SportsApp-frameworks.sh",
				"${BUILT_PRODUCTS_DIR}/Alamofire/Alamofire.framework",
				"${BUILT_PRODUCTS_DIR}/Kingfisher/Kingfisher.framework",
				"${BUILT_PRODUCTS_DIR}/SwiftyJSON/SwiftyJSON.framework",
			);
			name = "[CP] Embed Pods Frameworks";
			outputPaths = (
				"${TARGET_BUILD_DIR}/${FRAMEWORKS_FOLDER_PATH}/Alamofire.framework",
				"${TARGET_BUILD_DIR}/${FRAMEWORKS_FOLDER_PATH}/Kingfisher.framework",
				"${TARGET_BUILD_DIR}/${FRAMEWORKS_FOLDER_PATH}/SwiftyJSON.framework",
			);
			runOnlyForDeploymentPostprocessing = 0;
			shellPath = /bin/sh;
			shellScript = "\"${PODS_ROOT}/Target Support Files/Pods-SportsApp/Pods-SportsApp-frameworks.sh\"\n";
			showEnvVarsInLog = 0;
		};
		A5CEF90A62F3BA9FEBFAD09B /* [CP] Check Pods Manifest.lock */ = {
			isa = PBXShellScriptBuildPhase;
			buildActionMask = 2147483647;
			files = (
			);
			inputPaths = (
				"${PODS_PODFILE_DIR_PATH}/Podfile.lock",
				"${PODS_ROOT}/Manifest.lock",
			);
			name = "[CP] Check Pods Manifest.lock";
			outputPaths = (
				"$(DERIVED_FILE_DIR)/Pods-SportsApp-checkManifestLockResult.txt",
			);
			runOnlyForDeploymentPostprocessing = 0;
			shellPath = /bin/sh;
			shellScript = "diff \"${PODS_PODFILE_DIR_PATH}/Podfile.lock\" \"${PODS_ROOT}/Manifest.lock\" > /dev/null\nif [ $? != 0 ] ; then\n    # print error to STDERR\n    echo \"error: The sandbox is not in sync with the Podfile.lock. Run 'pod install' or update your CocoaPods installation.\" >&2\n    exit 1\nfi\n# This output is used by Xcode 'outputs' to avoid re-running this script phase.\necho \"SUCCESS\" > \"${SCRIPT_OUTPUT_FILE_0}\"\n";
			showEnvVarsInLog = 0;
		};
/* End PBXShellScriptBuildPhase section */

/* Begin PBXSourcesBuildPhase section */
		AB6BD700244A2E9B007B841C /* Sources */ = {
			isa = PBXSourcesBuildPhase;
			buildActionMask = 2147483647;
			files = (
				ABEF399D244B5EC7003348F0 /* RoundedImageView.swift in Sources */,
				BA6C9DAE244D4319001ADA79 /* Team.swift in Sources */,
				AB6BD710244A2E9B007B841C /* SportsApp.xcdatamodeld in Sources */,
				AB56197D244BEDA300340393 /* LeaguePresenter.swift in Sources */,
				AB67638E244CE2FE00ED4937 /* LatestEventView.swift in Sources */,
				BA6C9DA9244D4319001ADA79 /* TeamsCollectionViewCell.swift in Sources */,
				ABEF3993244B3B94003348F0 /* LeagueTableViewCell.swift in Sources */,
				BA6C9DC5244E06E6001ADA79 /* LeaguesDetailsCollectionView.swift in Sources */,
				AB67638C244CE2EA00ED4937 /* LatestEventSubscriber.swift in Sources */,
				BA5E4847244BA98800E8F3F6 /* Event.swift in Sources */,
				AB6BD720244A3F54007B841C /* Reachability.swift in Sources */,
				AB676392244CE32C00ED4937 /* FetchLatestEventsHandler.swift in Sources */,
				AB67637C244CD7E900ED4937 /* FetchNextEventsHandler.swift in Sources */,
				AB676386244CDE5500ED4937 /* NextEventPresenter.swift in Sources */,
				AB656175244CF63800D973AD /* NextEventCollectionViewCell.swift in Sources */,
				BA7BBCC1244A3C5600A996D7 /* LeaguesTableViewController.swift in Sources */,
				AB676390244CE31100ED4937 /* LatestEventPresenter.swift in Sources */,
				BA5E4851244BBFD300E8F3F6 /* SportsPresenter.swift in Sources */,
				BA6C9DB3244D5174001ADA79 /* LeaguesDetailsViewController.swift in Sources */,
				BA6C9DB0244D4319001ADA79 /* Sport.swift in Sources */,
				AB75EB4F244C6D98002A9852 /* LeagueSubscriber.swift in Sources */,
				BA5E483B244B934B00E8F3F6 /* SportsViewController.swift in Sources */,
				BA5E4856244BECF600E8F3F6 /* DataRepository.swift in Sources */,
				BA6C9DC0244E00C7001ADA79 /* LatestEventsCollectionViewCell.swift in Sources */,
				BA5E485E244CAE8900E8F3F6 /* SportSubscriber.swift in Sources */,
				BA5E4838244B8FF300E8F3F6 /* SportCollectionViewCell.swift in Sources */,
				BA5E4844244BA95D00E8F3F6 /* Team.swift in Sources */,
				AB676382244CDCBE00ED4937 /* NextEventView.swift in Sources */,
				BA5E4864244CECB900E8F3F6 /* FetchTeams.swift in Sources */,
				BA5E485C244BEE7800E8F3F6 /* SportDelegate.swift in Sources */,
				BA6C9DBC244E009D001ADA79 /* UpComingEventsCollectionViewCell.swift in Sources */,
				BA5E4853244BC4AB00E8F3F6 /* Notification.swift in Sources */,
				AB561979244BEC9900340393 /* LeagueView.swift in Sources */,
				AB67637F244CDC6D00ED4937 /* NextEventSubscriber.swift in Sources */,
				BA5E484D244BBE3400E8F3F6 /* FetchSports.swift in Sources */,
				BA6C9DB5244DFE3B001ADA79 /* DummyViewController.swift in Sources */,
				AB561972244BEACD00340393 /* FetchLeaguesHandler.swift in Sources */,
				AB561976244BEB1A00340393 /* League.swift in Sources */,
				AB6BD708244A2E9B007B841C /* AppDelegate.swift in Sources */,
				BA5E483D244B989D00E8F3F6 /* SportsCollectionView.swift in Sources */,
			);
			runOnlyForDeploymentPostprocessing = 0;
		};
/* End PBXSourcesBuildPhase section */

/* Begin PBXVariantGroup section */
		AB6BD70B244A2E9B007B841C /* Main.storyboard */ = {
			isa = PBXVariantGroup;
			children = (
				AB6BD70C244A2E9B007B841C /* Base */,
			);
			name = Main.storyboard;
			sourceTree = "<group>";
		};
		AB6BD713244A2E9B007B841C /* LaunchScreen.storyboard */ = {
			isa = PBXVariantGroup;
			children = (
				AB6BD714244A2E9B007B841C /* Base */,
			);
			name = LaunchScreen.storyboard;
			sourceTree = "<group>";
		};
/* End PBXVariantGroup section */

/* Begin XCBuildConfiguration section */
		AB6BD717244A2E9B007B841C /* Debug */ = {
			isa = XCBuildConfiguration;
			buildSettings = {
				ALWAYS_SEARCH_USER_PATHS = NO;
				CLANG_ANALYZER_NONNULL = YES;
				CLANG_ANALYZER_NUMBER_OBJECT_CONVERSION = YES_AGGRESSIVE;
				CLANG_CXX_LANGUAGE_STANDARD = "gnu++14";
				CLANG_CXX_LIBRARY = "libc++";
				CLANG_ENABLE_MODULES = YES;
				CLANG_ENABLE_OBJC_ARC = YES;
				CLANG_WARN_BLOCK_CAPTURE_AUTORELEASING = YES;
				CLANG_WARN_BOOL_CONVERSION = YES;
				CLANG_WARN_COMMA = YES;
				CLANG_WARN_CONSTANT_CONVERSION = YES;
				CLANG_WARN_DIRECT_OBJC_ISA_USAGE = YES_ERROR;
				CLANG_WARN_DOCUMENTATION_COMMENTS = YES;
				CLANG_WARN_EMPTY_BODY = YES;
				CLANG_WARN_ENUM_CONVERSION = YES;
				CLANG_WARN_INFINITE_RECURSION = YES;
				CLANG_WARN_INT_CONVERSION = YES;
				CLANG_WARN_NON_LITERAL_NULL_CONVERSION = YES;
				CLANG_WARN_OBJC_LITERAL_CONVERSION = YES;
				CLANG_WARN_OBJC_ROOT_CLASS = YES_ERROR;
				CLANG_WARN_RANGE_LOOP_ANALYSIS = YES;
				CLANG_WARN_STRICT_PROTOTYPES = YES;
				CLANG_WARN_SUSPICIOUS_MOVE = YES;
				CLANG_WARN_UNGUARDED_AVAILABILITY = YES_AGGRESSIVE;
				CLANG_WARN_UNREACHABLE_CODE = YES;
				CLANG_WARN__DUPLICATE_METHOD_MATCH = YES;
				CODE_SIGN_IDENTITY = "iPhone Developer";
				COPY_PHASE_STRIP = NO;
				DEBUG_INFORMATION_FORMAT = dwarf;
				ENABLE_STRICT_OBJC_MSGSEND = YES;
				ENABLE_TESTABILITY = YES;
				GCC_C_LANGUAGE_STANDARD = gnu11;
				GCC_DYNAMIC_NO_PIC = NO;
				GCC_NO_COMMON_BLOCKS = YES;
				GCC_OPTIMIZATION_LEVEL = 0;
				GCC_PREPROCESSOR_DEFINITIONS = (
					"DEBUG=1",
					"$(inherited)",
				);
				GCC_WARN_64_TO_32_BIT_CONVERSION = YES;
				GCC_WARN_ABOUT_RETURN_TYPE = YES_ERROR;
				GCC_WARN_UNDECLARED_SELECTOR = YES;
				GCC_WARN_UNINITIALIZED_AUTOS = YES_AGGRESSIVE;
				GCC_WARN_UNUSED_FUNCTION = YES;
				GCC_WARN_UNUSED_VARIABLE = YES;
				IPHONEOS_DEPLOYMENT_TARGET = 11.2;
				MTL_ENABLE_DEBUG_INFO = YES;
				ONLY_ACTIVE_ARCH = YES;
				SDKROOT = iphoneos;
				SWIFT_ACTIVE_COMPILATION_CONDITIONS = DEBUG;
				SWIFT_OPTIMIZATION_LEVEL = "-Onone";
			};
			name = Debug;
		};
		AB6BD718244A2E9B007B841C /* Release */ = {
			isa = XCBuildConfiguration;
			buildSettings = {
				ALWAYS_SEARCH_USER_PATHS = NO;
				CLANG_ANALYZER_NONNULL = YES;
				CLANG_ANALYZER_NUMBER_OBJECT_CONVERSION = YES_AGGRESSIVE;
				CLANG_CXX_LANGUAGE_STANDARD = "gnu++14";
				CLANG_CXX_LIBRARY = "libc++";
				CLANG_ENABLE_MODULES = YES;
				CLANG_ENABLE_OBJC_ARC = YES;
				CLANG_WARN_BLOCK_CAPTURE_AUTORELEASING = YES;
				CLANG_WARN_BOOL_CONVERSION = YES;
				CLANG_WARN_COMMA = YES;
				CLANG_WARN_CONSTANT_CONVERSION = YES;
				CLANG_WARN_DIRECT_OBJC_ISA_USAGE = YES_ERROR;
				CLANG_WARN_DOCUMENTATION_COMMENTS = YES;
				CLANG_WARN_EMPTY_BODY = YES;
				CLANG_WARN_ENUM_CONVERSION = YES;
				CLANG_WARN_INFINITE_RECURSION = YES;
				CLANG_WARN_INT_CONVERSION = YES;
				CLANG_WARN_NON_LITERAL_NULL_CONVERSION = YES;
				CLANG_WARN_OBJC_LITERAL_CONVERSION = YES;
				CLANG_WARN_OBJC_ROOT_CLASS = YES_ERROR;
				CLANG_WARN_RANGE_LOOP_ANALYSIS = YES;
				CLANG_WARN_STRICT_PROTOTYPES = YES;
				CLANG_WARN_SUSPICIOUS_MOVE = YES;
				CLANG_WARN_UNGUARDED_AVAILABILITY = YES_AGGRESSIVE;
				CLANG_WARN_UNREACHABLE_CODE = YES;
				CLANG_WARN__DUPLICATE_METHOD_MATCH = YES;
				CODE_SIGN_IDENTITY = "iPhone Developer";
				COPY_PHASE_STRIP = NO;
				DEBUG_INFORMATION_FORMAT = "dwarf-with-dsym";
				ENABLE_NS_ASSERTIONS = NO;
				ENABLE_STRICT_OBJC_MSGSEND = YES;
				GCC_C_LANGUAGE_STANDARD = gnu11;
				GCC_NO_COMMON_BLOCKS = YES;
				GCC_WARN_64_TO_32_BIT_CONVERSION = YES;
				GCC_WARN_ABOUT_RETURN_TYPE = YES_ERROR;
				GCC_WARN_UNDECLARED_SELECTOR = YES;
				GCC_WARN_UNINITIALIZED_AUTOS = YES_AGGRESSIVE;
				GCC_WARN_UNUSED_FUNCTION = YES;
				GCC_WARN_UNUSED_VARIABLE = YES;
				IPHONEOS_DEPLOYMENT_TARGET = 11.2;
				MTL_ENABLE_DEBUG_INFO = NO;
				SDKROOT = iphoneos;
				SWIFT_OPTIMIZATION_LEVEL = "-Owholemodule";
				VALIDATE_PRODUCT = YES;
			};
			name = Release;
		};
		AB6BD71A244A2E9B007B841C /* Debug */ = {
			isa = XCBuildConfiguration;
			baseConfigurationReference = 7052D4FD5B24FE03BEF8A8D7 /* Pods-SportsApp.debug.xcconfig */;
			buildSettings = {
				ASSETCATALOG_COMPILER_APPICON_NAME = AppIcon;
				CODE_SIGN_STYLE = Automatic;
				INFOPLIST_FILE = SportsApp/Info.plist;
				LD_RUNPATH_SEARCH_PATHS = "$(inherited) @executable_path/Frameworks";
				PRODUCT_BUNDLE_IDENTIFIER = jets.ios.SportsApp;
				PRODUCT_NAME = "$(TARGET_NAME)";
				SWIFT_VERSION = 4.0;
				TARGETED_DEVICE_FAMILY = "1,2";
			};
			name = Debug;
		};
		AB6BD71B244A2E9B007B841C /* Release */ = {
			isa = XCBuildConfiguration;
			baseConfigurationReference = 4D3F262DE193070EBEC7426B /* Pods-SportsApp.release.xcconfig */;
			buildSettings = {
				ASSETCATALOG_COMPILER_APPICON_NAME = AppIcon;
				CODE_SIGN_STYLE = Automatic;
				INFOPLIST_FILE = SportsApp/Info.plist;
				LD_RUNPATH_SEARCH_PATHS = "$(inherited) @executable_path/Frameworks";
				PRODUCT_BUNDLE_IDENTIFIER = jets.ios.SportsApp;
				PRODUCT_NAME = "$(TARGET_NAME)";
				SWIFT_VERSION = 4.0;
				TARGETED_DEVICE_FAMILY = "1,2";
			};
			name = Release;
		};
/* End XCBuildConfiguration section */

/* Begin XCConfigurationList section */
		AB6BD6FF244A2E9B007B841C /* Build configuration list for PBXProject "SportsApp" */ = {
			isa = XCConfigurationList;
			buildConfigurations = (
				AB6BD717244A2E9B007B841C /* Debug */,
				AB6BD718244A2E9B007B841C /* Release */,
			);
			defaultConfigurationIsVisible = 0;
			defaultConfigurationName = Release;
		};
		AB6BD719244A2E9B007B841C /* Build configuration list for PBXNativeTarget "SportsApp" */ = {
			isa = XCConfigurationList;
			buildConfigurations = (
				AB6BD71A244A2E9B007B841C /* Debug */,
				AB6BD71B244A2E9B007B841C /* Release */,
			);
			defaultConfigurationIsVisible = 0;
			defaultConfigurationName = Release;
		};
/* End XCConfigurationList section */

/* Begin XCVersionGroup section */
		AB6BD70E244A2E9B007B841C /* SportsApp.xcdatamodeld */ = {
			isa = XCVersionGroup;
			children = (
				AB6BD70F244A2E9B007B841C /* SportsApp.xcdatamodel */,
			);
			currentVersion = AB6BD70F244A2E9B007B841C /* SportsApp.xcdatamodel */;
			path = SportsApp.xcdatamodeld;
			sourceTree = "<group>";
			versionGroupType = wrapper.xcdatamodel;
		};
/* End XCVersionGroup section */
	};
	rootObject = AB6BD6FC244A2E9B007B841C /* Project object */;
}
